{
  "lockfileVersion": 1,
  "configVersion": 0,
  "workspaces": {
    "": {
      "name": "arkntools-packages-monorepo",
      "devDependencies": {
        "prettier": "^3.9.9",
      },
    },
    "packages/as-web-repo": {
      "name": "@arkntools/as-web-repo",
      "version": "1.3.1",
      "dependencies": {
        "@arkntools/userscript-extension": "workspace:*",
      },
      "devDependencies": {
        "typescript": "catalog:",
      },
    },
    "packages/as-web-repo-arknights": {
      "name": "@arkntools/as-web-repo-arknights",
      "version": "1.5.1",
      "devDependencies": {
        "@arkntools/as-web-repo": "workspace:*",
        "comlink": "^4.4.2",
        "es-toolkit": "^1.52.0",
        "fflate": "^0.8.3",
        "typescript": "catalog:",
      },
    },
    "packages/fmod": {
      "name": "@arkntools/fmod",
      "version": "1.0.4",
    },
    "packages/lame-wasm": {
      "name": "@arkntools/lame-wasm",
      "version": "1.0.2",
      "devDependencies": {
        "@types/node": "^24.1.0",
        "typescript": "catalog:",
      },
    },
    "packages/userscript-extension": {
      "name": "@arkntools/userscript-extension",
      "version": "1.0.4",
      "devDependencies": {
        "typescript": "catalog:",
      },
    },
  },
  "catalog": {
    "typescript": "^6.0.3",
  },
  "packages": {
    "@arkntools/as-web-repo": ["@arkntools/as-web-repo@workspace:packages/as-web-repo"],

    "@arkntools/as-web-repo-arknights": ["@arkntools/as-web-repo-arknights@workspace:packages/as-web-repo-arknights"],

    "@arkntools/fmod": ["@arkntools/fmod@workspace:packages/fmod"],

    "@arkntools/lame-wasm": ["@arkntools/lame-wasm@workspace:packages/lame-wasm"],

    "@arkntools/userscript-extension": ["@arkntools/userscript-extension@workspace:packages/userscript-extension"],

    "@types/node": ["@types/node@24.3.1", "", { "dependencies": { "undici-types": "~7.10.0" } }, "sha512-3vXmQDXy+woz+gnrTvuvNrPzekOi+Ds0ReMxw0LzBiK3a+1k0kQn9f2NWk+lgD4rJehFUmYy2gMhJ2ZI+7YP9g=="],

    "comlink": ["comlink@4.4.2", "", {}, "sha512-OxGdvBmJuNKSCMO4NTl1L47VRp6xn2wG4F/2hYzB6tiCb709otOxtEYCSvK80PtjODfXXZu8ds+Nw5kVCjqd2g=="],

    "es-toolkit": ["es-toolkit@1.52.0", "", {}, "sha512-XTNEJQh1tY1ZJVcf6ayP/2n4ZPyaHlW2FWs7xvw5ddPuhUVjLD3olQVQS7kf58JbAB48iL0uL/jerTrjtV3lDA=="],

    "fflate": ["fflate@0.8.3", "", {}, "sha512-tbZNuJrLwGUp3zshBtdy4W+ORxZuIh8a5ilyIEQDC5rY1f3U20JMry0Ll3WBzU58EZKsEuJFXhb5gwv8CsPvgA=="],

    "prettier": ["prettier@3.9.9", "", { "bin": { "prettier": "bin/prettier.cjs" } }, "sha512-Z/CJHIkdujO/OtN7nXUii0Rf3VT5SRuhjBA82Xvu2XhBUgX3nhP67T0LHceBdQLex7OOFGTox+Q5Yg8Jk2Qivg=="],

    "typescript": ["typescript@6.0.3", "", { "bin": { "tsc": "bin/tsc", "tsserver": "bin/tsserver" } }, "sha512-y2TvuxSZPDyQakkFRPZHKFm+KKVqIisdg9/CZwm9ftvKXLP8NRWj38/ODjNbr43SsoXqNuAisEf1GdCxqWcdBw=="],

    "undici-types": ["undici-types@7.10.0", "", {}, "sha512-t5Fy/nfn+14LuOc2KNYg75vZqClpAiqscVvMygNnlsHBFpSXdJaYtXMcdNLpl/Qvc3P2cB3s6lOV51nqsFq4ag=="],
  }
}
